// !$*UTF8*$!
{
	archiveVersion = 1;
	classes = {
	};
	objectVersion = 56;
	objects = {

/* Begin PBXBuildFile section */
		A71634C12BE388470039AD29 /* MainView.swift in Sources */ = {isa = PBXBuildFile; fileRef = A71634C02BE388470039AD29 /* MainView.swift */; };
		A71634C42BE38F270039AD29 /* MainViewController.swift in Sources */ = {isa = PBXBuildFile; fileRef = A71634C32BE38F270039AD29 /* MainViewController.swift */; };
		A71634C62BE38F980039AD29 /* Data.swift in Sources */ = {isa = PBXBuildFile; fileRef = A71634C52BE38F980039AD29 /* Data.swift */; };
		A71634C82BE39B550039AD29 /* APIDataManager.swift in Sources */ = {isa = PBXBuildFile; fileRef = A71634C72BE39B550039AD29 /* APIDataManager.swift */; };
		A71634CA2BE3A67C0039AD29 /* CoreDataManager.swift in Sources */ = {isa = PBXBuildFile; fileRef = A71634C92BE3A67C0039AD29 /* CoreDataManager.swift */; };
		A74E98832BE0D50500FA4123 /* AppDelegate.swift in Sources */ = {isa = PBXBuildFile; fileRef = A74E98822BE0D50500FA4123 /* AppDelegate.swift */; };
		A74E98852BE0D50500FA4123 /* SceneDelegate.swift in Sources */ = {isa = PBXBuildFile; fileRef = A74E98842BE0D50500FA4123 /* SceneDelegate.swift */; };
		A74E98872BE0D50500FA4123 /* ViewController.swift in Sources */ = {isa = PBXBuildFile; fileRef = A74E98862BE0D50500FA4123 /* ViewController.swift */; };
		A74E988A2BE0D50500FA4123 /* Base in Resources */ = {isa = PBXBuildFile; fileRef = A74E98892BE0D50500FA4123 /* Base */; };
		A74E988F2BE0D50600FA4123 /* Assets.xcassets in Resources */ = {isa = PBXBuildFile; fileRef = A74E988E2BE0D50600FA4123 /* Assets.xcassets */; };
		A74E98922BE0D50600FA4123 /* Base in Resources */ = {isa = PBXBuildFile; fileRef = A74E98912BE0D50600FA4123 /* Base */; };
		A7DE30D62BE92EC800995438 /* RecommendBook.xcdatamodeld in Sources */ = {isa = PBXBuildFile; fileRef = A7DE30D42BE92EC800995438 /* RecommendBook.xcdatamodeld */; };
		A7DE30E82BE952F400995438 /* WishBookVC.swift in Sources */ = {isa = PBXBuildFile; fileRef = A7DE30E72BE952F400995438 /* WishBookVC.swift */; };
		A7DE30EA2BE9C86100995438 /* RecentCell.swift in Sources */ = {isa = PBXBuildFile; fileRef = A7DE30E92BE9C86100995438 /* RecentCell.swift */; };
		A7DE30ED2BE9D5CE00995438 /* RecentCollectionCell.swift in Sources */ = {isa = PBXBuildFile; fileRef = A7DE30EC2BE9D5CE00995438 /* RecentCollectionCell.swift */; };
		A7FD53532BE4C99200F2A4C0 /* DetailView.swift in Sources */ = {isa = PBXBuildFile; fileRef = A7FD53522BE4C99200F2A4C0 /* DetailView.swift */; };
		A7FD53552BE4C9A600F2A4C0 /* DetailVC.swift in Sources */ = {isa = PBXBuildFile; fileRef = A7FD53542BE4C9A600F2A4C0 /* DetailVC.swift */; };
		A7FD53602BE8628300F2A4C0 /* WishBook.swift in Sources */ = {isa = PBXBuildFile; fileRef = A7FD535F2BE8628300F2A4C0 /* WishBook.swift */; };
		A7FD53642BE8959E00F2A4C0 /* TabBarVC.swift in Sources */ = {isa = PBXBuildFile; fileRef = A7FD53632BE8959E00F2A4C0 /* TabBarVC.swift */; };
		A7FD53662BE8B0CD00F2A4C0 /* WishCell.swift in Sources */ = {isa = PBXBuildFile; fileRef = A7FD53652BE8B0CD00F2A4C0 /* WishCell.swift */; };
/* End PBXBuildFile section */

/* Begin PBXFileReference section */
		A71634C02BE388470039AD29 /* MainView.swift */ = {isa = PBXFileReference; lastKnownFileType = sourcecode.swift; path = MainView.swift; sourceTree = "<group>"; };
		A71634C32BE38F270039AD29 /* MainViewController.swift */ = {isa = PBXFileReference; lastKnownFileType = sourcecode.swift; path = MainViewController.swift; sourceTree = "<group>"; };
		A71634C52BE38F980039AD29 /* Data.swift */ = {isa = PBXFileReference; lastKnownFileType = sourcecode.swift; path = Data.swift; sourceTree = "<group>"; };
		A71634C72BE39B550039AD29 /* APIDataManager.swift */ = {isa = PBXFileReference; lastKnownFileType = sourcecode.swift; path = APIDataManager.swift; sourceTree = "<group>"; };
		A71634C92BE3A67C0039AD29 /* CoreDataManager.swift */ = {isa = PBXFileReference; lastKnownFileType = sourcecode.swift; path = CoreDataManager.swift; sourceTree = "<group>"; };
		A74E98822BE0D50500FA4123 /* AppDelegate.swift */ = {isa = PBXFileReference; lastKnownFileType = sourcecode.swift; path = AppDelegate.swift; sourceTree = "<group>"; };
		A74E98842BE0D50500FA4123 /* SceneDelegate.swift */ = {isa = PBXFileReference; lastKnownFileType = sourcecode.swift; path = SceneDelegate.swift; sourceTree = "<group>"; };
		A74E98862BE0D50500FA4123 /* ViewController.swift */ = {isa = PBXFileReference; lastKnownFileType = sourcecode.swift; path = ViewController.swift; sourceTree = "<group>"; };
		A74E98892BE0D50500FA4123 /* Base */ = {isa = PBXFileReference; lastKnownFileType = file.storyboard; name = Base; path = Base.lproj/Main.storyboard; sourceTree = "<group>"; };
		A74E988E2BE0D50600FA4123 /* Assets.xcassets */ = {isa = PBXFileReference; lastKnownFileType = folder.assetcatalog; path = Assets.xcassets; sourceTree = "<group>"; };
		A74E98912BE0D50600FA4123 /* Base */ = {isa = PBXFileReference; lastKnownFileType = file.storyboard; name = Base; path = Base.lproj/LaunchScreen.storyboard; sourceTree = "<group>"; };
		A74E98932BE0D50600FA4123 /* Info.plist */ = {isa = PBXFileReference; lastKnownFileType = text.plist.xml; path = Info.plist; sourceTree = "<group>"; };
		A7DE30D52BE92EC800995438 /* RecommendBook.xcdatamodel */ = {isa = PBXFileReference; lastKnownFileType = wrapper.xcdatamodel; path = RecommendBook.xcdatamodel; sourceTree = "<group>"; };
		A7DE30DE2BE9389900995438 /* RecommendBook.app */ = {isa = PBXFileReference; explicitFileType = wrapper.application; includeInIndex = 0; name = RecommendBook.app; path = "/Users/songjeonghun/Documents/github/feat#2/RecommendBook/build/Debug-iphoneos/RecommendBook.app"; sourceTree = "<absolute>"; };
		A7DE30E72BE952F400995438 /* WishBookVC.swift */ = {isa = PBXFileReference; lastKnownFileType = sourcecode.swift; path = WishBookVC.swift; sourceTree = "<group>"; };
		A7DE30E92BE9C86100995438 /* RecentCell.swift */ = {isa = PBXFileReference; lastKnownFileType = sourcecode.swift; path = RecentCell.swift; sourceTree = "<group>"; };
		A7DE30EC2BE9D5CE00995438 /* RecentCollectionCell.swift */ = {isa = PBXFileReference; lastKnownFileType = sourcecode.swift; path = RecentCollectionCell.swift; sourceTree = "<group>"; };
		A7FD53522BE4C99200F2A4C0 /* DetailView.swift */ = {isa = PBXFileReference; lastKnownFileType = sourcecode.swift; path = DetailView.swift; sourceTree = "<group>"; };
		A7FD53542BE4C9A600F2A4C0 /* DetailVC.swift */ = {isa = PBXFileReference; lastKnownFileType = sourcecode.swift; path = DetailVC.swift; sourceTree = "<group>"; };
		A7FD535D2BE61EDF00F2A4C0 /* Config.xcconfig */ = {isa = PBXFileReference; lastKnownFileType = text.xcconfig; path = Config.xcconfig; sourceTree = "<group>"; };
		A7FD535F2BE8628300F2A4C0 /* WishBook.swift */ = {isa = PBXFileReference; lastKnownFileType = sourcecode.swift; path = WishBook.swift; sourceTree = "<group>"; };
		A7FD53632BE8959E00F2A4C0 /* TabBarVC.swift */ = {isa = PBXFileReference; lastKnownFileType = sourcecode.swift; path = TabBarVC.swift; sourceTree = "<group>"; };
		A7FD53652BE8B0CD00F2A4C0 /* WishCell.swift */ = {isa = PBXFileReference; lastKnownFileType = sourcecode.swift; path = WishCell.swift; sourceTree = "<group>"; };
/* End PBXFileReference section */

/* Begin PBXFrameworksBuildPhase section */
		A74E987C2BE0D50500FA4123 /* Frameworks */ = {
			isa = PBXFrameworksBuildPhase;
			buildActionMask = 2147483647;
			files = (
			);
			runOnlyForDeploymentPostprocessing = 0;
		};
/* End PBXFrameworksBuildPhase section */

/* Begin PBXGroup section */
		A71634BF2BE3882B0039AD29 /* View */ = {
			isa = PBXGroup;
			children = (
				A71634C02BE388470039AD29 /* MainView.swift */,
				A7FD53522BE4C99200F2A4C0 /* DetailView.swift */,
				A7FD535F2BE8628300F2A4C0 /* WishBook.swift */,
				A7FD53652BE8B0CD00F2A4C0 /* WishCell.swift */,
				A7DE30E92BE9C86100995438 /* RecentCell.swift */,
				A7DE30EC2BE9D5CE00995438 /* RecentCollectionCell.swift */,
			);
			path = View;
			sourceTree = "<group>";
		};
		A71634C22BE38DF40039AD29 /* Model */ = {
			isa = PBXGroup;
			children = (
				A71634C52BE38F980039AD29 /* Data.swift */,
				A71634C72BE39B550039AD29 /* APIDataManager.swift */,
				A71634C92BE3A67C0039AD29 /* CoreDataManager.swift */,
			);
			path = Model;
			sourceTree = "<group>";
		};
		A74E98762BE0D50500FA4123 = {
			isa = PBXGroup;
			children = (
				A74E98812BE0D50500FA4123 /* RecommendBook */,
			);
			sourceTree = "<group>";
		};
		A74E98812BE0D50500FA4123 /* RecommendBook */ = {
			isa = PBXGroup;
			children = (
				A7DE30EB2BE9C8A300995438 /* Controller */,
				A71634C22BE38DF40039AD29 /* Model */,
				A71634BF2BE3882B0039AD29 /* View */,
				A74E98822BE0D50500FA4123 /* AppDelegate.swift */,
				A74E98842BE0D50500FA4123 /* SceneDelegate.swift */,
				A74E98862BE0D50500FA4123 /* ViewController.swift */,
				A74E98882BE0D50500FA4123 /* Main.storyboard */,
				A74E988E2BE0D50600FA4123 /* Assets.xcassets */,
				A74E98902BE0D50600FA4123 /* LaunchScreen.storyboard */,
				A74E98932BE0D50600FA4123 /* Info.plist */,
				A7FD535D2BE61EDF00F2A4C0 /* Config.xcconfig */,
				A7DE30D42BE92EC800995438 /* RecommendBook.xcdatamodeld */,
			);
			path = RecommendBook;
			sourceTree = "<group>";
		};
		A7DE30EB2BE9C8A300995438 /* Controller */ = {
			isa = PBXGroup;
			children = (
				A71634C32BE38F270039AD29 /* MainViewController.swift */,
				A7FD53542BE4C9A600F2A4C0 /* DetailVC.swift */,
				A7FD53632BE8959E00F2A4C0 /* TabBarVC.swift */,
				A7DE30E72BE952F400995438 /* WishBookVC.swift */,
			);
			path = Controller;
			sourceTree = "<group>";
		};
/* End PBXGroup section */

/* Begin PBXNativeTarget section */
		A74E987E2BE0D50500FA4123 /* RecommendBook */ = {
			isa = PBXNativeTarget;
			buildConfigurationList = A74E98962BE0D50600FA4123 /* Build configuration list for PBXNativeTarget "RecommendBook" */;
			buildPhases = (
				A74E987B2BE0D50500FA4123 /* Sources */,
				A74E987C2BE0D50500FA4123 /* Frameworks */,
				A74E987D2BE0D50500FA4123 /* Resources */,
			);
			buildRules = (
			);
			dependencies = (
			);
			name = RecommendBook;
			productName = RecommendBook;
			productReference = A7DE30DE2BE9389900995438 /* RecommendBook.app */;
			productType = "com.apple.product-type.application";
		};
/* End PBXNativeTarget section */

/* Begin PBXProject section */
		A74E98772BE0D50500FA4123 /* Project object */ = {
			isa = PBXProject;
			attributes = {
				BuildIndependentTargetsInParallel = 1;
				LastSwiftUpdateCheck = 1530;
				LastUpgradeCheck = 1530;
				TargetAttributes = {
					A74E987E2BE0D50500FA4123 = {
						CreatedOnToolsVersion = 15.3;
					};
				};
			};
			buildConfigurationList = A74E987A2BE0D50500FA4123 /* Build configuration list for PBXProject "RecommendBook" */;
			compatibilityVersion = "Xcode 14.0";
			developmentRegion = en;
			hasScannedForEncodings = 0;
			knownRegions = (
				en,
				Base,
			);
			mainGroup = A74E98762BE0D50500FA4123;
			productRefGroup = A74E98762BE0D50500FA4123;
			projectDirPath = "";
			projectRoot = "";
			targets = (
				A74E987E2BE0D50500FA4123 /* RecommendBook */,
			);
		};
/* End PBXProject section */

/* Begin PBXResourcesBuildPhase section */
		A74E987D2BE0D50500FA4123 /* Resources */ = {
			isa = PBXResourcesBuildPhase;
			buildActionMask = 2147483647;
			files = (
				A74E988F2BE0D50600FA4123 /* Assets.xcassets in Resources */,
				A74E98922BE0D50600FA4123 /* Base in Resources */,
				A74E988A2BE0D50500FA4123 /* Base in Resources */,
			);
			runOnlyForDeploymentPostprocessing = 0;
		};
/* End PBXResourcesBuildPhase section */

/* Begin PBXSourcesBuildPhase section */
		A74E987B2BE0D50500FA4123 /* Sources */ = {
			isa = PBXSourcesBuildPhase;
			buildActionMask = 2147483647;
			files = (
				A7DE30D62BE92EC800995438 /* RecommendBook.xcdatamodeld in Sources */,
				A74E98872BE0D50500FA4123 /* ViewController.swift in Sources */,
				A71634C62BE38F980039AD29 /* Data.swift in Sources */,
				A7FD53552BE4C9A600F2A4C0 /* DetailVC.swift in Sources */,
				A74E98832BE0D50500FA4123 /* AppDelegate.swift in Sources */,
				A7DE30ED2BE9D5CE00995438 /* RecentCollectionCell.swift in Sources */,
				A7FD53532BE4C99200F2A4C0 /* DetailView.swift in Sources */,
				A74E98852BE0D50500FA4123 /* SceneDelegate.swift in Sources */,
				A71634C42BE38F270039AD29 /* MainViewController.swift in Sources */,
				A7FD53602BE8628300F2A4C0 /* WishBook.swift in Sources */,
				A7DE30E82BE952F400995438 /* WishBookVC.swift in Sources */,
				A71634C12BE388470039AD29 /* MainView.swift in Sources */,
				A71634CA2BE3A67C0039AD29 /* CoreDataManager.swift in Sources */,
				A7DE30EA2BE9C86100995438 /* RecentCell.swift in Sources */,
				A71634C82BE39B550039AD29 /* APIDataManager.swift in Sources */,
				A7FD53642BE8959E00F2A4C0 /* TabBarVC.swift in Sources */,
				A7FD53662BE8B0CD00F2A4C0 /* WishCell.swift in Sources */,
			);
			runOnlyForDeploymentPostprocessing = 0;
		};
/* End PBXSourcesBuildPhase section */

/* Begin PBXVariantGroup section */
		A74E98882BE0D50500FA4123 /* Main.storyboard */ = {
			isa = PBXVariantGroup;
			children = (
				A74E98892BE0D50500FA4123 /* Base */,
			);
			name = Main.storyboard;
			sourceTree = "<group>";
		};
		A74E98902BE0D50600FA4123 /* LaunchScreen.storyboard */ = {
			isa = PBXVariantGroup;
			children = (
				A74E98912BE0D50600FA4123 /* Base */,
			);
			name = LaunchScreen.storyboard;
			sourceTree = "<group>";
		};
/* End PBXVariantGroup section */

/* Begin XCBuildConfiguration section */
		A74E98942BE0D50600FA4123 /* Debug */ = {
			isa = XCBuildConfiguration;
			buildSettings = {
				ALWAYS_SEARCH_USER_PATHS = NO;
				ASSETCATALOG_COMPILER_GENERATE_SWIFT_ASSET_SYMBOL_EXTENSIONS = YES;
				CLANG_ANALYZER_NONNULL = YES;
				CLANG_ANALYZER_NUMBER_OBJECT_CONVERSION = YES_AGGRESSIVE;
				CLANG_CXX_LANGUAGE_STANDARD = "gnu++20";
				CLANG_ENABLE_MODULES = YES;
				CLANG_ENABLE_OBJC_ARC = YES;
				CLANG_ENABLE_OBJC_WEAK = YES;
				CLANG_WARN_BLOCK_CAPTURE_AUTORELEASING = YES;
				CLANG_WARN_BOOL_CONVERSION = YES;
				CLANG_WARN_COMMA = YES;
				CLANG_WARN_CONSTANT_CONVERSION = YES;
				CLANG_WARN_DEPRECATED_OBJC_IMPLEMENTATIONS = YES;
				CLANG_WARN_DIRECT_OBJC_ISA_USAGE = YES_ERROR;
				CLANG_WARN_DOCUMENTATION_COMMENTS = YES;
				CLANG_WARN_EMPTY_BODY = YES;
				CLANG_WARN_ENUM_CONVERSION = YES;
				CLANG_WARN_INFINITE_RECURSION = YES;
				CLANG_WARN_INT_CONVERSION = YES;
				CLANG_WARN_NON_LITERAL_NULL_CONVERSION = YES;
				CLANG_WARN_OBJC_IMPLICIT_RETAIN_SELF = YES;
				CLANG_WARN_OBJC_LITERAL_CONVERSION = YES;
				CLANG_WARN_OBJC_ROOT_CLASS = YES_ERROR;
				CLANG_WARN_QUOTED_INCLUDE_IN_FRAMEWORK_HEADER = YES;
				CLANG_WARN_RANGE_LOOP_ANALYSIS = YES;
				CLANG_WARN_STRICT_PROTOTYPES = YES;
				CLANG_WARN_SUSPICIOUS_MOVE = YES;
				CLANG_WARN_UNGUARDED_AVAILABILITY = YES_AGGRESSIVE;
				CLANG_WARN_UNREACHABLE_CODE = YES;
				CLANG_WARN__DUPLICATE_METHOD_MATCH = YES;
				COPY_PHASE_STRIP = NO;
				DEBUG_INFORMATION_FORMAT = dwarf;
				ENABLE_STRICT_OBJC_MSGSEND = YES;
				ENABLE_TESTABILITY = YES;
				ENABLE_USER_SCRIPT_SANDBOXING = YES;
				GCC_C_LANGUAGE_STANDARD = gnu17;
				GCC_DYNAMIC_NO_PIC = NO;
				GCC_NO_COMMON_BLOCKS = YES;
				GCC_OPTIMIZATION_LEVEL = 0;
				GCC_PREPROCESSOR_DEFINITIONS = (
					"DEBUG=1",
					"$(inherited)",
				);
				GCC_WARN_64_TO_32_BIT_CONVERSION = YES;
				GCC_WARN_ABOUT_RETURN_TYPE = YES_ERROR;
				GCC_WARN_UNDECLARED_SELECTOR = YES;
				GCC_WARN_UNINITIALIZED_AUTOS = YES_AGGRESSIVE;
				GCC_WARN_UNUSED_FUNCTION = YES;
				GCC_WARN_UNUSED_VARIABLE = YES;
				IPHONEOS_DEPLOYMENT_TARGET = 17.4;
				LOCALIZATION_PREFERS_STRING_CATALOGS = YES;
				MTL_ENABLE_DEBUG_INFO = INCLUDE_SOURCE;
				MTL_FAST_MATH = YES;
				ONLY_ACTIVE_ARCH = YES;
				SDKROOT = iphoneos;
				SWIFT_ACTIVE_COMPILATION_CONDITIONS = "DEBUG $(inherited)";
				SWIFT_OPTIMIZATION_LEVEL = "-Onone";
			};
			name = Debug;
		};
		A74E98952BE0D50600FA4123 /* Release */ = {
			isa = XCBuildConfiguration;
			buildSettings = {
				ALWAYS_SEARCH_USER_PATHS = NO;
				ASSETCATALOG_COMPILER_GENERATE_SWIFT_ASSET_SYMBOL_EXTENSIONS = YES;
				CLANG_ANALYZER_NONNULL = YES;
				CLANG_ANALYZER_NUMBER_OBJECT_CONVERSION = YES_AGGRESSIVE;
				CLANG_CXX_LANGUAGE_STANDARD = "gnu++20";
				CLANG_ENABLE_MODULES = YES;
				CLANG_ENABLE_OBJC_ARC = YES;
				CLANG_ENABLE_OBJC_WEAK = YES;
				CLANG_WARN_BLOCK_CAPTURE_AUTORELEASING = YES;
				CLANG_WARN_BOOL_CONVERSION = YES;
				CLANG_WARN_COMMA = YES;
				CLANG_WARN_CONSTANT_CONVERSION = YES;
				CLANG_WARN_DEPRECATED_OBJC_IMPLEMENTATIONS = YES;
				CLANG_WARN_DIRECT_OBJC_ISA_USAGE = YES_ERROR;
				CLANG_WARN_DOCUMENTATION_COMMENTS = YES;
				CLANG_WARN_EMPTY_BODY = YES;
				CLANG_WARN_ENUM_CONVERSION = YES;
				CLANG_WARN_INFINITE_RECURSION = YES;
				CLANG_WARN_INT_CONVERSION = YES;
				CLANG_WARN_NON_LITERAL_NULL_CONVERSION = YES;
				CLANG_WARN_OBJC_IMPLICIT_RETAIN_SELF = YES;
				CLANG_WARN_OBJC_LITERAL_CONVERSION = YES;
				CLANG_WARN_OBJC_ROOT_CLASS = YES_ERROR;
				CLANG_WARN_QUOTED_INCLUDE_IN_FRAMEWORK_HEADER = YES;
				CLANG_WARN_RANGE_LOOP_ANALYSIS = YES;
				CLANG_WARN_STRICT_PROTOTYPES = YES;
				CLANG_WARN_SUSPICIOUS_MOVE = YES;
				CLANG_WARN_UNGUARDED_AVAILABILITY = YES_AGGRESSIVE;
				CLANG_WARN_UNREACHABLE_CODE = YES;
				CLANG_WARN__DUPLICATE_METHOD_MATCH = YES;
				COPY_PHASE_STRIP = NO;
				DEBUG_INFORMATION_FORMAT = "dwarf-with-dsym";
				ENABLE_NS_ASSERTIONS = NO;
				ENABLE_STRICT_OBJC_MSGSEND = YES;
				ENABLE_USER_SCRIPT_SANDBOXING = YES;
				GCC_C_LANGUAGE_STANDARD = gnu17;
				GCC_NO_COMMON_BLOCKS = YES;
				GCC_WARN_64_TO_32_BIT_CONVERSION = YES;
				GCC_WARN_ABOUT_RETURN_TYPE = YES_ERROR;
				GCC_WARN_UNDECLARED_SELECTOR = YES;
				GCC_WARN_UNINITIALIZED_AUTOS = YES_AGGRESSIVE;
				GCC_WARN_UNUSED_FUNCTION = YES;
				GCC_WARN_UNUSED_VARIABLE = YES;
				IPHONEOS_DEPLOYMENT_TARGET = 17.4;
				LOCALIZATION_PREFERS_STRING_CATALOGS = YES;
				MTL_ENABLE_DEBUG_INFO = NO;
				MTL_FAST_MATH = YES;
				SDKROOT = iphoneos;
				SWIFT_COMPILATION_MODE = wholemodule;
				VALIDATE_PRODUCT = YES;
			};
			name = Release;
		};
		A74E98972BE0D50600FA4123 /* Debug */ = {
			isa = XCBuildConfiguration;
			baseConfigurationReference = A7FD535D2BE61EDF00F2A4C0 /* Config.xcconfig */;
			buildSettings = {
				ASSETCATALOG_COMPILER_APPICON_NAME = AppIcon;
				ASSETCATALOG_COMPILER_GLOBAL_ACCENT_COLOR_NAME = AccentColor;
				CODE_SIGN_STYLE = Automatic;
				CURRENT_PROJECT_VERSION = 1;
				GENERATE_INFOPLIST_FILE = YES;
				INFOPLIST_FILE = RecommendBook/Info.plist;
				INFOPLIST_KEY_UIApplicationSupportsIndirectInputEvents = YES;
				INFOPLIST_KEY_UILaunchStoryboardName = LaunchScreen;
				INFOPLIST_KEY_UIMainStoryboardFile = Main;
				INFOPLIST_KEY_UISupportedInterfaceOrientations_iPad = "UIInterfaceOrientationPortrait UIInterfaceOrientationPortraitUpsideDown UIInterfaceOrientationLandscapeLeft UIInterfaceOrientationLandscapeRight";
				INFOPLIST_KEY_UISupportedInterfaceOrientations_iPhone = "UIInterfaceOrientationPortrait UIInterfaceOrientationLandscapeLeft UIInterfaceOrientationLandscapeRight";
				LD_RUNPATH_SEARCH_PATHS = (
					"$(inherited)",
					"@executable_path/Frameworks",
				);
				MARKETING_VERSION = 1.0;
				PRODUCT_BUNDLE_IDENTIFIER = com.OTXOID.RecommendBook;
				PRODUCT_NAME = "$(TARGET_NAME)";
				SWIFT_EMIT_LOC_STRINGS = YES;
				SWIFT_VERSION = 5.0;
				TARGETED_DEVICE_FAMILY = "1,2";
			};
			name = Debug;
		};
		A74E98982BE0D50600FA4123 /* Release */ = {
			isa = XCBuildConfiguration;
			baseConfigurationReference = A7FD535D2BE61EDF00F2A4C0 /* Config.xcconfig */;
			buildSettings = {
				ASSETCATALOG_COMPILER_APPICON_NAME = AppIcon;
				ASSETCATALOG_COMPILER_GLOBAL_ACCENT_COLOR_NAME = AccentColor;
				CODE_SIGN_STYLE = Automatic;
				CURRENT_PROJECT_VERSION = 1;
				GENERATE_INFOPLIST_FILE = YES;
				INFOPLIST_FILE = RecommendBook/Info.plist;
				INFOPLIST_KEY_UIApplicationSupportsIndirectInputEvents = YES;
				INFOPLIST_KEY_UILaunchStoryboardName = LaunchScreen;
				INFOPLIST_KEY_UIMainStoryboardFile = Main;
				INFOPLIST_KEY_UISupportedInterfaceOrientations_iPad = "UIInterfaceOrientationPortrait UIInterfaceOrientationPortraitUpsideDown UIInterfaceOrientationLandscapeLeft UIInterfaceOrientationLandscapeRight";
				INFOPLIST_KEY_UISupportedInterfaceOrientations_iPhone = "UIInterfaceOrientationPortrait UIInterfaceOrientationLandscapeLeft UIInterfaceOrientationLandscapeRight";
				LD_RUNPATH_SEARCH_PATHS = (
					"$(inherited)",
					"@executable_path/Frameworks",
				);
				MARKETING_VERSION = 1.0;
				PRODUCT_BUNDLE_IDENTIFIER = com.OTXOID.RecommendBook;
				PRODUCT_NAME = "$(TARGET_NAME)";
				SWIFT_EMIT_LOC_STRINGS = YES;
				SWIFT_VERSION = 5.0;
				TARGETED_DEVICE_FAMILY = "1,2";
			};
			name = Release;
		};
/* End XCBuildConfiguration section */

/* Begin XCConfigurationList section */
		A74E987A2BE0D50500FA4123 /* Build configuration list for PBXProject "RecommendBook" */ = {
			isa = XCConfigurationList;
			buildConfigurations = (
				A74E98942BE0D50600FA4123 /* Debug */,
				A74E98952BE0D50600FA4123 /* Release */,
			);
			defaultConfigurationIsVisible = 0;
			defaultConfigurationName = Release;
		};
		A74E98962BE0D50600FA4123 /* Build configuration list for PBXNativeTarget "RecommendBook" */ = {
			isa = XCConfigurationList;
			buildConfigurations = (
				A74E98972BE0D50600FA4123 /* Debug */,
				A74E98982BE0D50600FA4123 /* Release */,
			);
			defaultConfigurationIsVisible = 0;
			defaultConfigurationName = Release;
		};
/* End XCConfigurationList section */

/* Begin XCVersionGroup section */
		A7DE30D42BE92EC800995438 /* RecommendBook.xcdatamodeld */ = {
			isa = XCVersionGroup;
			children = (
				A7DE30D52BE92EC800995438 /* RecommendBook.xcdatamodel */,
			);
			currentVersion = A7DE30D52BE92EC800995438 /* RecommendBook.xcdatamodel */;
			name = RecommendBook.xcdatamodeld;
			path = "/Users/songjeonghun/Documents/github/feat#3/RecommendBook/RecommendBook/RecommendBook.xcdatamodeld";
			sourceTree = "<group>";
			versionGroupType = wrapper.xcdatamodel;
		};
/* End XCVersionGroup section */
	};
	rootObject = A74E98772BE0D50500FA4123 /* Project object */;
}
